
Microsoft Visual Studio Solution File, Format Version 12.00
# Visual Studio Version 17
VisualStudioVersion = 17.1.32328.378
MinimumVisualStudioVersion = 10.0.40219.1
Project("{FAE04EC0-301F-11D3-BF4B-00C04F79EFBC}") = "StudentAdminPortal.API", "StudentAdminPortal.API.csproj", "{6B1F5403-0134-4BCF-8D26-7E6462D32B05}"
EndProject
Global
	GlobalSection(SolutionConfigurationPlatforms) = preSolution
		Debug|Any CPU = Debug|Any CPU
		Release|Any CPU = Release|Any CPU
	EndGlobalSection
	GlobalSection(ProjectConfigurationPlatforms) = postSolution
		{6B1F5403-0134-4BCF-8D26-7E6462D32B05}.Debug|Any CPU.ActiveCfg = Debug|Any CPU
		{6B1F5403-0134-4BCF-8D26-7E6462D32B05}.Debug|Any CPU.Build.0 = Debug|Any CPU
		{6B1F5403-0134-4BCF-8D26-7E6462D32B05}.Release|Any CPU.ActiveCfg = Release|Any CPU
		{6B1F5403-0134-4BCF-8D26-7E6462D32B05}.Release|Any CPU.Build.0 = Release|Any CPU
	EndGlobalSection
	GlobalSection(SolutionProperties) = preSolution
		HideSolutionNode = FALSE
	EndGlobalSection
	GlobalSection(ExtensibilityGlobals) = postSolution
		SolutionGuid = {CE6E7B0C-6359-418A-A2C0-20F1AFE08B34}
	EndGlobalSection
EndGlobal
